
Microsoft Visual Studio Solution File, Format Version 12.00
# Visual Studio Version 17
VisualStudioVersion = 17.3.32929.385
MinimumVisualStudioVersion = 10.0.40219.1
Project("{FAE04EC0-301F-11D3-BF4B-00C04F79EFBC}") = "GenericsExample", "GenericsExample\GenericsExample.csproj", "{21F0DD4A-1FC4-4B3A-A238-1B78A2DDC971}"
EndProject
Global
	GlobalSection(SolutionConfigurationPlatforms) = preSolution
		Debug|Any CPU = Debug|Any CPU
		Release|Any CPU = Release|Any CPU
	EndGlobalSection
	GlobalSection(ProjectConfigurationPlatforms) = postSolution
		{21F0DD4A-1FC4-4B3A-A238-1B78A2DDC971}.Debug|Any CPU.ActiveCfg = Debug|Any CPU
		{21F0DD4A-1FC4-4B3A-A238-1B78A2DDC971}.Debug|Any CPU.Build.0 = Debug|Any CPU
		{21F0DD4A-1FC4-4B3A-A238-1B78A2DDC971}.Release|Any CPU.ActiveCfg = Release|Any CPU
		{21F0DD4A-1FC4-4B3A-A238-1B78A2DDC971}.Release|Any CPU.Build.0 = Release|Any CPU
	EndGlobalSection
	GlobalSection(SolutionProperties) = preSolution
		HideSolutionNode = FALSE
	EndGlobalSection
	GlobalSection(ExtensibilityGlobals) = postSolution
		SolutionGuid = {F819769B-D166-474B-B041-7C0C87C50FFB}
	EndGlobalSection
EndGlobal
